
Microsoft Visual Studio Solution File, Format Version 11.00
# Visual Studio 2010
Project("{FAE04EC0-301F-11D3-BF4B-00C04F79EFBC}") = "Assembly-CSharp", "Assembly-CSharp.csproj", "{455D5709-BA89-6AC8-38E3-2D064A9408CE}"
EndProject
Project("{FAE04EC0-301F-11D3-BF4B-00C04F79EFBC}") = "Assembly-CSharp-Editor", "Assembly-CSharp-Editor.csproj", "{C14B55E5-5236-FBF4-FC84-1E9AD9096A1E}"
EndProject
Global
	GlobalSection(SolutionConfigurationPlatforms) = preSolution
		Debug|Any CPU = Debug|Any CPU
		Release|Any CPU = Release|Any CPU
	EndGlobalSection
	GlobalSection(ProjectConfigurationPlatforms) = postSolution
		{455D5709-BA89-6AC8-38E3-2D064A9408CE}.Debug|Any CPU.ActiveCfg = Debug|Any CPU
		{455D5709-BA89-6AC8-38E3-2D064A9408CE}.Debug|Any CPU.Build.0 = Debug|Any CPU
		{455D5709-BA89-6AC8-38E3-2D064A9408CE}.Release|Any CPU.ActiveCfg = Release|Any CPU
		{455D5709-BA89-6AC8-38E3-2D064A9408CE}.Release|Any CPU.Build.0 = Release|Any CPU
		{C14B55E5-5236-FBF4-FC84-1E9AD9096A1E}.Debug|Any CPU.ActiveCfg = Debug|Any CPU
		{C14B55E5-5236-FBF4-FC84-1E9AD9096A1E}.Debug|Any CPU.Build.0 = Debug|Any CPU
		{C14B55E5-5236-FBF4-FC84-1E9AD9096A1E}.Release|Any CPU.ActiveCfg = Release|Any CPU
		{C14B55E5-5236-FBF4-FC84-1E9AD9096A1E}.Release|Any CPU.Build.0 = Release|Any CPU
	EndGlobalSection
	GlobalSection(SolutionProperties) = preSolution
		HideSolutionNode = FALSE
	EndGlobalSection
	GlobalSection(MonoDevelopProperties) = preSolution
		StartupItem = Assembly-CSharp.csproj
	EndGlobalSection
EndGlobal
